
Microsoft Visual Studio Solution File, Format Version 12.00
# Visual Studio Version 16
VisualStudioVersion = 16.0.31321.278
MinimumVisualStudioVersion = 10.0.40219.1
Project("{FAE04EC0-301F-11D3-BF4B-00C04F79EFBC}") = "Central-Errors-1", "Central-Errors-1\Central-Errors-1.csproj", "{282C6BA6-CAD4-4F3C-B5CE-D03CC2EE89D9}"
EndProject
Global
	GlobalSection(SolutionConfigurationPlatforms) = preSolution
		Debug|Any CPU = Debug|Any CPU
		Release|Any CPU = Release|Any CPU
	EndGlobalSection
	GlobalSection(ProjectConfigurationPlatforms) = postSolution
		{282C6BA6-CAD4-4F3C-B5CE-D03CC2EE89D9}.Debug|Any CPU.ActiveCfg = Debug|Any CPU
		{282C6BA6-CAD4-4F3C-B5CE-D03CC2EE89D9}.Debug|Any CPU.Build.0 = Debug|Any CPU
		{282C6BA6-CAD4-4F3C-B5CE-D03CC2EE89D9}.Release|Any CPU.ActiveCfg = Release|Any CPU
		{282C6BA6-CAD4-4F3C-B5CE-D03CC2EE89D9}.Release|Any CPU.Build.0 = Release|Any CPU
	EndGlobalSection
	GlobalSection(SolutionProperties) = preSolution
		HideSolutionNode = FALSE
	EndGlobalSection
	GlobalSection(ExtensibilityGlobals) = postSolution
		SolutionGuid = {0D7F926B-B647-45CC-A99E-6942AAD9D192}
	EndGlobalSection
EndGlobal
